
Microsoft Visual Studio Solution File, Format Version 12.00
# Visual Studio Version 16
VisualStudioVersion = 16.0.31005.135
MinimumVisualStudioVersion = 10.0.40219.1
Project("{FAE04EC0-301F-11D3-BF4B-00C04F79EFBC}") = "Design Pattern", "Design Pattern.csproj", "{4BE65FC1-6060-4907-8696-CC4F15375018}"
EndProject
Global
	GlobalSection(SolutionConfigurationPlatforms) = preSolution
		Debug|Any CPU = Debug|Any CPU
		Release|Any CPU = Release|Any CPU
	EndGlobalSection
	GlobalSection(ProjectConfigurationPlatforms) = postSolution
		{4BE65FC1-6060-4907-8696-CC4F15375018}.Debug|Any CPU.ActiveCfg = Debug|Any CPU
		{4BE65FC1-6060-4907-8696-CC4F15375018}.Debug|Any CPU.Build.0 = Debug|Any CPU
		{4BE65FC1-6060-4907-8696-CC4F15375018}.Release|Any CPU.ActiveCfg = Release|Any CPU
		{4BE65FC1-6060-4907-8696-CC4F15375018}.Release|Any CPU.Build.0 = Release|Any CPU
	EndGlobalSection
	GlobalSection(SolutionProperties) = preSolution
		HideSolutionNode = FALSE
	EndGlobalSection
	GlobalSection(ExtensibilityGlobals) = postSolution
		SolutionGuid = {30A47273-8E11-4AD6-AB57-4E9AB8DFD156}
	EndGlobalSection
EndGlobal
